// !$*UTF8*$!
{
	archiveVersion = 1;
	classes = {
	};
	objectVersion = 45;
	objects = {

/* Begin PBXBuildFile section */
		1DDD58160DA1D0A300B32029 /* MainMenu.xib in Resources */ = {isa = PBXBuildFile; fileRef = 1DDD58140DA1D0A300B32029 /* MainMenu.xib */; };
		256AC3DA0F4B6AC300CF3369 /* AppDelegate.m in Sources */ = {isa = PBXBuildFile; fileRef = 256AC3D90F4B6AC300CF3369 /* AppDelegate.m */; };
		2A0761FA12E5E8CF00B3CDCB /* BWToolkitFramework.framework in Frameworks */ = {isa = PBXBuildFile; fileRef = 2A0761F912E5E8CF00B3CDCB /* BWToolkitFramework.framework */; };
		2A07621812E5E96300B3CDCB /* BWToolkitFramework.framework in CopyFiles */ = {isa = PBXBuildFile; fileRef = 2A0761F912E5E8CF00B3CDCB /* BWToolkitFramework.framework */; };
		2A07631412E5F8B800B3CDCB /* MainWindowController.m in Sources */ = {isa = PBXBuildFile; fileRef = 2A07631312E5F8B800B3CDCB /* MainWindowController.m */; };
		2A161A5412EB28010004A2BC /* FilesArrayController.m in Sources */ = {isa = PBXBuildFile; fileRef = 2A161A5312EB28010004A2BC /* FilesArrayController.m */; };
		2A161A6712EB62340004A2BC /* FavoriteFileListHelper.m in Sources */ = {isa = PBXBuildFile; fileRef = 2A161A6612EB62340004A2BC /* FavoriteFileListHelper.m */; };
		2A44489012EA9BF3007ACC4F /* SidebarController.m in Sources */ = {isa = PBXBuildFile; fileRef = 2A44488E12EA9BF3007ACC4F /* SidebarController.m */; };
		2A5FF9B912E8A5ED001513C3 /* movies.png in Resources */ = {isa = PBXBuildFile; fileRef = 2A5FF9B512E8A5ED001513C3 /* movies.png */; };
		2A5FF9BA12E8A5ED001513C3 /* library.png in Resources */ = {isa = PBXBuildFile; fileRef = 2A5FF9B612E8A5ED001513C3 /* library.png */; };
		2A5FF9BB12E8A5ED001513C3 /* documents.png in Resources */ = {isa = PBXBuildFile; fileRef = 2A5FF9B712E8A5ED001513C3 /* documents.png */; };
		2A5FF9BC12E8A5ED001513C3 /* downloads.png in Resources */ = {isa = PBXBuildFile; fileRef = 2A5FF9B812E8A5ED001513C3 /* downloads.png */; };
		2A5FF9CC12E8A72D001513C3 /* desktop.png in Resources */ = {isa = PBXBuildFile; fileRef = 2A5FF9CB12E8A72D001513C3 /* desktop.png */; };
		2AC56EC012E7268300ABF177 /* PXSourceList.m in Sources */ = {isa = PBXBuildFile; fileRef = 2AC56EBD12E7268300ABF177 /* PXSourceList.m */; };
		2AC5702D12E738D200ABF177 /* SidebarItem.m in Sources */ = {isa = PBXBuildFile; fileRef = 2AC5702C12E738D200ABF177 /* SidebarItem.m */; };
		2AC5705612E73C7B00ABF177 /* MainWindow.xib in Resources */ = {isa = PBXBuildFile; fileRef = 2AC5705512E73C7B00ABF177 /* MainWindow.xib */; };
		2AE8077612EC389600799A68 /* ConvertWindowController.m in Sources */ = {isa = PBXBuildFile; fileRef = 2AE8077512EC389600799A68 /* ConvertWindowController.m */; };
		8D11072B0486CEB800E47090 /* InfoPlist.strings in Resources */ = {isa = PBXBuildFile; fileRef = 089C165CFE840E0CC02AAC07 /* InfoPlist.strings */; };
		8D11072D0486CEB800E47090 /* main.m in Sources */ = {isa = PBXBuildFile; fileRef = 29B97316FDCFA39411CA2CEA /* main.m */; settings = {ATTRIBUTES = (); }; };
		8D11072F0486CEB800E47090 /* Cocoa.framework in Frameworks */ = {isa = PBXBuildFile; fileRef = 1058C7A1FEA54F0111CA2CBB /* Cocoa.framework */; };
/* End PBXBuildFile section */

/* Begin PBXCopyFilesBuildPhase section */
		2A07621712E5E95A00B3CDCB /* CopyFiles */ = {
			isa = PBXCopyFilesBuildPhase;
			buildActionMask = 2147483647;
			dstPath = "";
			dstSubfolderSpec = 10;
			files = (
				2A07621812E5E96300B3CDCB /* BWToolkitFramework.framework in CopyFiles */,
			);
			runOnlyForDeploymentPostprocessing = 0;
		};
/* End PBXCopyFilesBuildPhase section */

/* Begin PBXFileReference section */
		089C165DFE840E0CC02AAC07 /* English */ = {isa = PBXFileReference; fileEncoding = 4; lastKnownFileType = text.plist.strings; name = English; path = English.lproj/InfoPlist.strings; sourceTree = "<group>"; };
		1058C7A1FEA54F0111CA2CBB /* Cocoa.framework */ = {isa = PBXFileReference; lastKnownFileType = wrapper.framework; name = Cocoa.framework; path = /System/Library/Frameworks/Cocoa.framework; sourceTree = "<absolute>"; };
		13E42FB307B3F0F600E4EEF1 /* CoreData.framework */ = {isa = PBXFileReference; lastKnownFileType = wrapper.framework; name = CoreData.framework; path = /System/Library/Frameworks/CoreData.framework; sourceTree = "<absolute>"; };
		1DDD58150DA1D0A300B32029 /* English */ = {isa = PBXFileReference; lastKnownFileType = file.xib; name = English; path = English.lproj/MainMenu.xib; sourceTree = "<group>"; };
		256AC3D80F4B6AC300CF3369 /* AppDelegate.h */ = {isa = PBXFileReference; fileEncoding = 4; lastKnownFileType = sourcecode.c.h; path = AppDelegate.h; sourceTree = "<group>"; };
		256AC3D90F4B6AC300CF3369 /* AppDelegate.m */ = {isa = PBXFileReference; fileEncoding = 4; lastKnownFileType = sourcecode.c.objc; path = AppDelegate.m; sourceTree = "<group>"; };
		256AC3F00F4B6AF500CF3369 /* TextEncodingConverter_Prefix.pch */ = {isa = PBXFileReference; fileEncoding = 4; lastKnownFileType = sourcecode.c.h; path = TextEncodingConverter_Prefix.pch; sourceTree = "<group>"; };
		29B97316FDCFA39411CA2CEA /* main.m */ = {isa = PBXFileReference; fileEncoding = 4; lastKnownFileType = sourcecode.c.objc; path = main.m; sourceTree = "<group>"; usesTabs = 1; };
		29B97324FDCFA39411CA2CEA /* AppKit.framework */ = {isa = PBXFileReference; lastKnownFileType = wrapper.framework; name = AppKit.framework; path = /System/Library/Frameworks/AppKit.framework; sourceTree = "<absolute>"; };
		29B97325FDCFA39411CA2CEA /* Foundation.framework */ = {isa = PBXFileReference; lastKnownFileType = wrapper.framework; name = Foundation.framework; path = /System/Library/Frameworks/Foundation.framework; sourceTree = "<absolute>"; };
		2A0761F912E5E8CF00B3CDCB /* BWToolkitFramework.framework */ = {isa = PBXFileReference; lastKnownFileType = wrapper.framework; name = BWToolkitFramework.framework; path = "/Users/Kai/Documents/iFiles/Computer Science/Objective-C/Frameworks/BWToolkit/BWToolkitFramework.framework"; sourceTree = "<absolute>"; };
		2A07631212E5F8B800B3CDCB /* MainWindowController.h */ = {isa = PBXFileReference; fileEncoding = 4; lastKnownFileType = sourcecode.c.h; path = MainWindowController.h; sourceTree = "<group>"; };
		2A07631312E5F8B800B3CDCB /* MainWindowController.m */ = {isa = PBXFileReference; fileEncoding = 4; lastKnownFileType = sourcecode.c.objc; path = MainWindowController.m; sourceTree = "<group>"; };
		2A161A5212EB28010004A2BC /* FilesArrayController.h */ = {isa = PBXFileReference; fileEncoding = 4; lastKnownFileType = sourcecode.c.h; path = FilesArrayController.h; sourceTree = "<group>"; };
		2A161A5312EB28010004A2BC /* FilesArrayController.m */ = {isa = PBXFileReference; fileEncoding = 4; lastKnownFileType = sourcecode.c.objc; path = FilesArrayController.m; sourceTree = "<group>"; };
		2A161A6512EB62340004A2BC /* FavoriteFileListHelper.h */ = {isa = PBXFileReference; fileEncoding = 4; lastKnownFileType = sourcecode.c.h; path = FavoriteFileListHelper.h; sourceTree = "<group>"; };
		2A161A6612EB62340004A2BC /* FavoriteFileListHelper.m */ = {isa = PBXFileReference; fileEncoding = 4; lastKnownFileType = sourcecode.c.objc; path = FavoriteFileListHelper.m; sourceTree = "<group>"; };
		2A44488D12EA9BF3007ACC4F /* SidebarController.h */ = {isa = PBXFileReference; fileEncoding = 4; lastKnownFileType = sourcecode.c.h; path = SidebarController.h; sourceTree = "<group>"; };
		2A44488E12EA9BF3007ACC4F /* SidebarController.m */ = {isa = PBXFileReference; fileEncoding = 4; lastKnownFileType = sourcecode.c.objc; path = SidebarController.m; sourceTree = "<group>"; };
		2A5FF9B512E8A5ED001513C3 /* movies.png */ = {isa = PBXFileReference; lastKnownFileType = image.png; path = movies.png; sourceTree = "<group>"; };
		2A5FF9B612E8A5ED001513C3 /* library.png */ = {isa = PBXFileReference; lastKnownFileType = image.png; path = library.png; sourceTree = "<group>"; };
		2A5FF9B712E8A5ED001513C3 /* documents.png */ = {isa = PBXFileReference; lastKnownFileType = image.png; path = documents.png; sourceTree = "<group>"; };
		2A5FF9B812E8A5ED001513C3 /* downloads.png */ = {isa = PBXFileReference; lastKnownFileType = image.png; path = downloads.png; sourceTree = "<group>"; };
		2A5FF9CB12E8A72D001513C3 /* desktop.png */ = {isa = PBXFileReference; lastKnownFileType = image.png; path = desktop.png; sourceTree = "<group>"; };
		2AC56EBC12E7268300ABF177 /* PXSourceList.h */ = {isa = PBXFileReference; fileEncoding = 4; lastKnownFileType = sourcecode.c.h; path = PXSourceList.h; sourceTree = "<group>"; };
		2AC56EBD12E7268300ABF177 /* PXSourceList.m */ = {isa = PBXFileReference; fileEncoding = 4; lastKnownFileType = sourcecode.c.objc; path = PXSourceList.m; sourceTree = "<group>"; };
		2AC56EBE12E7268300ABF177 /* PXSourceListDataSource.h */ = {isa = PBXFileReference; fileEncoding = 4; lastKnownFileType = sourcecode.c.h; path = PXSourceListDataSource.h; sourceTree = "<group>"; };
		2AC56EBF12E7268300ABF177 /* PXSourceListDelegate.h */ = {isa = PBXFileReference; fileEncoding = 4; lastKnownFileType = sourcecode.c.h; path = PXSourceListDelegate.h; sourceTree = "<group>"; };
		2AC56FE012E7336300ABF177 /* English */ = {isa = PBXFileReference; lastKnownFileType = file.xib; name = English; path = English.lproj/MainWindow.xib; sourceTree = "<group>"; };
		2AC5702B12E738D200ABF177 /* SidebarItem.h */ = {isa = PBXFileReference; fileEncoding = 4; lastKnownFileType = sourcecode.c.h; path = SidebarItem.h; sourceTree = "<group>"; };
		2AC5702C12E738D200ABF177 /* SidebarItem.m */ = {isa = PBXFileReference; fileEncoding = 4; lastKnownFileType = sourcecode.c.objc; path = SidebarItem.m; sourceTree = "<group>"; };
		2AE8077412EC389600799A68 /* ConvertWindowController.h */ = {isa = PBXFileReference; fileEncoding = 4; lastKnownFileType = sourcecode.c.h; path = ConvertWindowController.h; sourceTree = "<group>"; };
		2AE8077512EC389600799A68 /* ConvertWindowController.m */ = {isa = PBXFileReference; fileEncoding = 4; lastKnownFileType = sourcecode.c.objc; path = ConvertWindowController.m; sourceTree = "<group>"; };
		8D1107310486CEB800E47090 /* TextEncodingConverter-Info.plist */ = {isa = PBXFileReference; fileEncoding = 4; lastKnownFileType = text.plist.xml; path = "TextEncodingConverter-Info.plist"; sourceTree = "<group>"; };
		8D1107320486CEB800E47090 /* TextEncodingConverter.app */ = {isa = PBXFileReference; explicitFileType = wrapper.application; includeInIndex = 0; path = TextEncodingConverter.app; sourceTree = BUILT_PRODUCTS_DIR; };
/* End PBXFileReference section */

/* Begin PBXFrameworksBuildPhase section */
		8D11072E0486CEB800E47090 /* Frameworks */ = {
			isa = PBXFrameworksBuildPhase;
			buildActionMask = 2147483647;
			files = (
				8D11072F0486CEB800E47090 /* Cocoa.framework in Frameworks */,
				2A0761FA12E5E8CF00B3CDCB /* BWToolkitFramework.framework in Frameworks */,
			);
			runOnlyForDeploymentPostprocessing = 0;
		};
/* End PBXFrameworksBuildPhase section */

/* Begin PBXGroup section */
		080E96DDFE201D6D7F000001 /* Classes */ = {
			isa = PBXGroup;
			children = (
				256AC3D80F4B6AC300CF3369 /* AppDelegate.h */,
				256AC3D90F4B6AC300CF3369 /* AppDelegate.m */,
				2AC56EAE12E7265000ABF177 /* Model */,
				2AC56EAD12E7264500ABF177 /* View */,
				2A07631112E5F89200B3CDCB /* Controllers */,
				2AC56EBA12E7266B00ABF177 /* Support */,
			);
			name = Classes;
			sourceTree = "<group>";
		};
		1058C7A0FEA54F0111CA2CBB /* Linked Frameworks */ = {
			isa = PBXGroup;
			children = (
				1058C7A1FEA54F0111CA2CBB /* Cocoa.framework */,
				2A0761F912E5E8CF00B3CDCB /* BWToolkitFramework.framework */,
			);
			name = "Linked Frameworks";
			sourceTree = "<group>";
		};
		1058C7A2FEA54F0111CA2CBB /* Other Frameworks */ = {
			isa = PBXGroup;
			children = (
				29B97324FDCFA39411CA2CEA /* AppKit.framework */,
				13E42FB307B3F0F600E4EEF1 /* CoreData.framework */,
				29B97325FDCFA39411CA2CEA /* Foundation.framework */,
			);
			name = "Other Frameworks";
			sourceTree = "<group>";
		};
		19C28FACFE9D520D11CA2CBB /* Products */ = {
			isa = PBXGroup;
			children = (
				8D1107320486CEB800E47090 /* TextEncodingConverter.app */,
			);
			name = Products;
			sourceTree = "<group>";
		};
		29B97314FDCFA39411CA2CEA /* TextEncodingConverter */ = {
			isa = PBXGroup;
			children = (
				080E96DDFE201D6D7F000001 /* Classes */,
				29B97315FDCFA39411CA2CEA /* Other Sources */,
				29B97317FDCFA39411CA2CEA /* Resources */,
				29B97323FDCFA39411CA2CEA /* Frameworks */,
				19C28FACFE9D520D11CA2CBB /* Products */,
			);
			name = TextEncodingConverter;
			sourceTree = "<group>";
		};
		29B97315FDCFA39411CA2CEA /* Other Sources */ = {
			isa = PBXGroup;
			children = (
				256AC3F00F4B6AF500CF3369 /* TextEncodingConverter_Prefix.pch */,
				29B97316FDCFA39411CA2CEA /* main.m */,
			);
			name = "Other Sources";
			sourceTree = "<group>";
		};
		29B97317FDCFA39411CA2CEA /* Resources */ = {
			isa = PBXGroup;
			children = (
				2AC5706012E73E9C00ABF177 /* Icons */,
				8D1107310486CEB800E47090 /* TextEncodingConverter-Info.plist */,
				089C165CFE840E0CC02AAC07 /* InfoPlist.strings */,
				1DDD58140DA1D0A300B32029 /* MainMenu.xib */,
				2AC5705512E73C7B00ABF177 /* MainWindow.xib */,
			);
			name = Resources;
			sourceTree = "<group>";
		};
		29B97323FDCFA39411CA2CEA /* Frameworks */ = {
			isa = PBXGroup;
			children = (
				1058C7A0FEA54F0111CA2CBB /* Linked Frameworks */,
				1058C7A2FEA54F0111CA2CBB /* Other Frameworks */,
			);
			name = Frameworks;
			sourceTree = "<group>";
		};
		2A07631112E5F89200B3CDCB /* Controllers */ = {
			isa = PBXGroup;
			children = (
				2A07631212E5F8B800B3CDCB /* MainWindowController.h */,
				2A07631312E5F8B800B3CDCB /* MainWindowController.m */,
				2A44488D12EA9BF3007ACC4F /* SidebarController.h */,
				2A44488E12EA9BF3007ACC4F /* SidebarController.m */,
				2A161A5212EB28010004A2BC /* FilesArrayController.h */,
				2A161A5312EB28010004A2BC /* FilesArrayController.m */,
				2AE8077412EC389600799A68 /* ConvertWindowController.h */,
				2AE8077512EC389600799A68 /* ConvertWindowController.m */,
			);
			name = Controllers;
			sourceTree = "<group>";
		};
		2A161A6112EB5AFF0004A2BC /* Categories */ = {
			isa = PBXGroup;
			children = (
			);
			name = Categories;
			sourceTree = "<group>";
		};
		2AC56EAD12E7264500ABF177 /* View */ = {
			isa = PBXGroup;
			children = (
			);
			name = View;
			sourceTree = "<group>";
		};
		2AC56EAE12E7265000ABF177 /* Model */ = {
			isa = PBXGroup;
			children = (
				2AC5702B12E738D200ABF177 /* SidebarItem.h */,
				2AC5702C12E738D200ABF177 /* SidebarItem.m */,
			);
			name = Model;
			sourceTree = "<group>";
		};
		2AC56EBA12E7266B00ABF177 /* Support */ = {
			isa = PBXGroup;
			children = (
				2A161A6112EB5AFF0004A2BC /* Categories */,
				2AC5701F12E737D500ABF177 /* UI */,
				2A161A6512EB62340004A2BC /* FavoriteFileListHelper.h */,
				2A161A6612EB62340004A2BC /* FavoriteFileListHelper.m */,
			);
			name = Support;
			sourceTree = "<group>";
		};
		2AC56EBB12E7268300ABF177 /* PXSourceList */ = {
			isa = PBXGroup;
			children = (
				2AC56EBC12E7268300ABF177 /* PXSourceList.h */,
				2AC56EBD12E7268300ABF177 /* PXSourceList.m */,
				2AC56EBE12E7268300ABF177 /* PXSourceListDataSource.h */,
				2AC56EBF12E7268300ABF177 /* PXSourceListDelegate.h */,
			);
			name = PXSourceList;
			sourceTree = "<group>";
		};
		2AC5701F12E737D500ABF177 /* UI */ = {
			isa = PBXGroup;
			children = (
				2AC56EBB12E7268300ABF177 /* PXSourceList */,
			);
			name = UI;
			sourceTree = "<group>";
		};
		2AC5706012E73E9C00ABF177 /* Icons */ = {
			isa = PBXGroup;
			children = (
				2A5FF9B512E8A5ED001513C3 /* movies.png */,
				2A5FF9B612E8A5ED001513C3 /* library.png */,
				2A5FF9B712E8A5ED001513C3 /* documents.png */,
				2A5FF9B812E8A5ED001513C3 /* downloads.png */,
				2A5FF9CB12E8A72D001513C3 /* desktop.png */,
			);
			name = Icons;
			sourceTree = "<group>";
		};
/* End PBXGroup section */

/* Begin PBXNativeTarget section */
		8D1107260486CEB800E47090 /* TextEncodingConverter */ = {
			isa = PBXNativeTarget;
			buildConfigurationList = C01FCF4A08A954540054247B /* Build configuration list for PBXNativeTarget "TextEncodingConverter" */;
			buildPhases = (
				8D1107290486CEB800E47090 /* Resources */,
				8D11072C0486CEB800E47090 /* Sources */,
				8D11072E0486CEB800E47090 /* Frameworks */,
				2A07621712E5E95A00B3CDCB /* CopyFiles */,
			);
			buildRules = (
			);
			dependencies = (
			);
			name = TextEncodingConverter;
			productInstallPath = "$(HOME)/Applications";
			productName = TextEncodingConverter;
			productReference = 8D1107320486CEB800E47090 /* TextEncodingConverter.app */;
			productType = "com.apple.product-type.application";
		};
/* End PBXNativeTarget section */

/* Begin PBXProject section */
		29B97313FDCFA39411CA2CEA /* Project object */ = {
			isa = PBXProject;
			attributes = {
				ORGANIZATIONNAME = "NONAME STUDIO";
			};
			buildConfigurationList = C01FCF4E08A954540054247B /* Build configuration list for PBXProject "TextEncodingConverter" */;
			compatibilityVersion = "Xcode 3.1";
			developmentRegion = English;
			hasScannedForEncodings = 1;
			knownRegions = (
				English,
				Japanese,
				French,
				German,
			);
			mainGroup = 29B97314FDCFA39411CA2CEA /* TextEncodingConverter */;
			projectDirPath = "";
			projectRoot = "";
			targets = (
				8D1107260486CEB800E47090 /* TextEncodingConverter */,
			);
		};
/* End PBXProject section */

/* Begin PBXResourcesBuildPhase section */
		8D1107290486CEB800E47090 /* Resources */ = {
			isa = PBXResourcesBuildPhase;
			buildActionMask = 2147483647;
			files = (
				8D11072B0486CEB800E47090 /* InfoPlist.strings in Resources */,
				1DDD58160DA1D0A300B32029 /* MainMenu.xib in Resources */,
				2AC5705612E73C7B00ABF177 /* MainWindow.xib in Resources */,
				2A5FF9B912E8A5ED001513C3 /* movies.png in Resources */,
				2A5FF9BA12E8A5ED001513C3 /* library.png in Resources */,
				2A5FF9BB12E8A5ED001513C3 /* documents.png in Resources */,
				2A5FF9BC12E8A5ED001513C3 /* downloads.png in Resources */,
				2A5FF9CC12E8A72D001513C3 /* desktop.png in Resources */,
			);
			runOnlyForDeploymentPostprocessing = 0;
		};
/* End PBXResourcesBuildPhase section */

/* Begin PBXSourcesBuildPhase section */
		8D11072C0486CEB800E47090 /* Sources */ = {
			isa = PBXSourcesBuildPhase;
			buildActionMask = 2147483647;
			files = (
				8D11072D0486CEB800E47090 /* main.m in Sources */,
				256AC3DA0F4B6AC300CF3369 /* AppDelegate.m in Sources */,
				2A07631412E5F8B800B3CDCB /* MainWindowController.m in Sources */,
				2AC56EC012E7268300ABF177 /* PXSourceList.m in Sources */,
				2AC5702D12E738D200ABF177 /* SidebarItem.m in Sources */,
				2A44489012EA9BF3007ACC4F /* SidebarController.m in Sources */,
				2A161A5412EB28010004A2BC /* FilesArrayController.m in Sources */,
				2A161A6712EB62340004A2BC /* FavoriteFileListHelper.m in Sources */,
				2AE8077612EC389600799A68 /* ConvertWindowController.m in Sources */,
			);
			runOnlyForDeploymentPostprocessing = 0;
		};
/* End PBXSourcesBuildPhase section */

/* Begin PBXVariantGroup section */
		089C165CFE840E0CC02AAC07 /* InfoPlist.strings */ = {
			isa = PBXVariantGroup;
			children = (
				089C165DFE840E0CC02AAC07 /* English */,
			);
			name = InfoPlist.strings;
			sourceTree = "<group>";
		};
		1DDD58140DA1D0A300B32029 /* MainMenu.xib */ = {
			isa = PBXVariantGroup;
			children = (
				1DDD58150DA1D0A300B32029 /* English */,
			);
			name = MainMenu.xib;
			sourceTree = "<group>";
		};
		2AC5705512E73C7B00ABF177 /* MainWindow.xib */ = {
			isa = PBXVariantGroup;
			children = (
				2AC56FE012E7336300ABF177 /* English */,
			);
			name = MainWindow.xib;
			sourceTree = "<group>";
		};
/* End PBXVariantGroup section */

/* Begin XCBuildConfiguration section */
		C01FCF4B08A954540054247B /* Debug */ = {
			isa = XCBuildConfiguration;
			buildSettings = {
				ALWAYS_SEARCH_USER_PATHS = NO;
				COPY_PHASE_STRIP = NO;
				FRAMEWORK_SEARCH_PATHS = (
					"$(inherited)",
					"\"$(SRCROOT)/../../Documents/iFiles/Computer Science/Objective-C/Frameworks/BWToolkit\"",
				);
				GCC_DYNAMIC_NO_PIC = NO;
				GCC_ENABLE_FIX_AND_CONTINUE = YES;
				GCC_MODEL_TUNING = G5;
				GCC_OPTIMIZATION_LEVEL = 0;
				GCC_PRECOMPILE_PREFIX_HEADER = YES;
				GCC_PREFIX_HEADER = TextEncodingConverter_Prefix.pch;
				INFOPLIST_FILE = "TextEncodingConverter-Info.plist";
				INSTALL_PATH = "$(HOME)/Applications";
				PRODUCT_NAME = TextEncodingConverter;
			};
			name = Debug;
		};
		C01FCF4C08A954540054247B /* Release */ = {
			isa = XCBuildConfiguration;
			buildSettings = {
				ALWAYS_SEARCH_USER_PATHS = NO;
				DEBUG_INFORMATION_FORMAT = "dwarf-with-dsym";
				FRAMEWORK_SEARCH_PATHS = (
					"$(inherited)",
					"\"$(SRCROOT)/../../Documents/iFiles/Computer Science/Objective-C/Frameworks/BWToolkit\"",
				);
				GCC_MODEL_TUNING = G5;
				GCC_PRECOMPILE_PREFIX_HEADER = YES;
				GCC_PREFIX_HEADER = TextEncodingConverter_Prefix.pch;
				INFOPLIST_FILE = "TextEncodingConverter-Info.plist";
				INSTALL_PATH = "$(HOME)/Applications";
				PRODUCT_NAME = TextEncodingConverter;
			};
			name = Release;
		};
		C01FCF4F08A954540054247B /* Debug */ = {
			isa = XCBuildConfiguration;
			buildSettings = {
				ARCHS = "$(ARCHS_STANDARD_32_64_BIT)";
				GCC_C_LANGUAGE_STANDARD = gnu99;
				GCC_OPTIMIZATION_LEVEL = 0;
				GCC_WARN_ABOUT_RETURN_TYPE = YES;
				GCC_WARN_UNUSED_VARIABLE = YES;
				MACOSX_DEPLOYMENT_TARGET = 10.6;
				ONLY_ACTIVE_ARCH = YES;
				PREBINDING = NO;
				SDKROOT = macosx10.6;
			};
			name = Debug;
		};
		C01FCF5008A954540054247B /* Release */ = {
			isa = XCBuildConfiguration;
			buildSettings = {
				ARCHS = "$(ARCHS_STANDARD_32_64_BIT)";
				GCC_C_LANGUAGE_STANDARD = gnu99;
				GCC_WARN_ABOUT_RETURN_TYPE = YES;
				GCC_WARN_UNUSED_VARIABLE = YES;
				MACOSX_DEPLOYMENT_TARGET = 10.6;
				PREBINDING = NO;
				SDKROOT = macosx10.6;
			};
			name = Release;
		};
/* End XCBuildConfiguration section */

/* Begin XCConfigurationList section */
		C01FCF4A08A954540054247B /* Build configuration list for PBXNativeTarget "TextEncodingConverter" */ = {
			isa = XCConfigurationList;
			buildConfigurations = (
				C01FCF4B08A954540054247B /* Debug */,
				C01FCF4C08A954540054247B /* Release */,
			);
			defaultConfigurationIsVisible = 0;
			defaultConfigurationName = Release;
		};
		C01FCF4E08A954540054247B /* Build configuration list for PBXProject "TextEncodingConverter" */ = {
			isa = XCConfigurationList;
			buildConfigurations = (
				C01FCF4F08A954540054247B /* Debug */,
				C01FCF5008A954540054247B /* Release */,
			);
			defaultConfigurationIsVisible = 0;
			defaultConfigurationName = Release;
		};
/* End XCConfigurationList section */
	};
	rootObject = 29B97313FDCFA39411CA2CEA /* Project object */;
}
