// !$*UTF8*$!
{
	archiveVersion = 1;
	classes = {
	};
	objectVersion = 45;
	objects = {

/* Begin PBXBuildFile section */
		1DDD58160DA1D0A300B32029 /* MainMenu.xib in Resources */ = {isa = PBXBuildFile; fileRef = 1DDD58140DA1D0A300B32029 /* MainMenu.xib */; };
		256AC3DA0F4B6AC300CF3369 /* AppDelegate.m in Sources */ = {isa = PBXBuildFile; fileRef = 256AC3D90F4B6AC300CF3369 /* AppDelegate.m */; };
		2A07631412E5F8B800B3CDCB /* MainWindowController.m in Sources */ = {isa = PBXBuildFile; fileRef = 2A07631312E5F8B800B3CDCB /* MainWindowController.m */; };
		2A161A5412EB28010004A2BC /* FilesArrayController.m in Sources */ = {isa = PBXBuildFile; fileRef = 2A161A5312EB28010004A2BC /* FilesArrayController.m */; };
		2A2E528B12F548FD00479C44 /* Localizable.strings in Resources */ = {isa = PBXBuildFile; fileRef = 2A2E528D12F548FD00479C44 /* Localizable.strings */; };
		2A3F2E6612F3462700DDF7FA /* failed.png in Resources */ = {isa = PBXBuildFile; fileRef = 2A3F2E6212F3462700DDF7FA /* failed.png */; };
		2A3F2E6712F3462700DDF7FA /* succeeded.png in Resources */ = {isa = PBXBuildFile; fileRef = 2A3F2E6312F3462700DDF7FA /* succeeded.png */; };
		2A3F2E6812F3462700DDF7FA /* converting.png in Resources */ = {isa = PBXBuildFile; fileRef = 2A3F2E6412F3462700DDF7FA /* converting.png */; };
		2A3F2E6912F3462700DDF7FA /* waiting.png in Resources */ = {isa = PBXBuildFile; fileRef = 2A3F2E6512F3462700DDF7FA /* waiting.png */; };
		2A3F2E7212F3C6CF00DDF7FA /* NLTableView.m in Sources */ = {isa = PBXBuildFile; fileRef = 2A3F2E7112F3C6CF00DDF7FA /* NLTableView.m */; };
		2A3F2E9912F4204000DDF7FA /* convert.png in Resources */ = {isa = PBXBuildFile; fileRef = 2A3F2E9512F4204000DDF7FA /* convert.png */; };
		2A3F2E9B12F4204000DDF7FA /* remove.png in Resources */ = {isa = PBXBuildFile; fileRef = 2A3F2E9712F4204000DDF7FA /* remove.png */; };
		2A3F2E9C12F4204000DDF7FA /* add.png in Resources */ = {isa = PBXBuildFile; fileRef = 2A3F2E9812F4204000DDF7FA /* add.png */; };
		2A69C7F312EC79EB00AE6E50 /* Encoding.m in Sources */ = {isa = PBXBuildFile; fileRef = 2A69C7F212EC79EB00AE6E50 /* Encoding.m */; };
		2A746BEB12EDCC0F001C7096 /* TouchView.m in Sources */ = {isa = PBXBuildFile; fileRef = 2A746BEA12EDCC0F001C7096 /* TouchView.m */; };
		2A8444BF12F439C100C6B1CA /* complete.aif in Resources */ = {isa = PBXBuildFile; fileRef = 2A8444BE12F439C100C6B1CA /* complete.aif */; };
		2A8444C512F452B700C6B1CA /* NSStringEncodingSniffer.m in Sources */ = {isa = PBXBuildFile; fileRef = 2A8444C412F452B700C6B1CA /* NSStringEncodingSniffer.m */; };
		2A8444C712F452E800C6B1CA /* CoreServices.framework in Frameworks */ = {isa = PBXBuildFile; fileRef = 2A8444C612F452E800C6B1CA /* CoreServices.framework */; };
		2A85F00B12F50AA1006F1593 /* EncodingsArrayController.m in Sources */ = {isa = PBXBuildFile; fileRef = 2A85F00A12F50AA1006F1593 /* EncodingsArrayController.m */; };
		2A85F01212F524A3006F1593 /* preview.png in Resources */ = {isa = PBXBuildFile; fileRef = 2A85F01112F524A3006F1593 /* preview.png */; };
		2AC5705612E73C7B00ABF177 /* MainWindow.xib in Resources */ = {isa = PBXBuildFile; fileRef = 2AC5705512E73C7B00ABF177 /* MainWindow.xib */; };
		2AE6FD6912F42C7500BE60D4 /* clear_converted.png in Resources */ = {isa = PBXBuildFile; fileRef = 2AE6FD6812F42C7500BE60D4 /* clear_converted.png */; };
		2AE6FD6E12F42FA600BE60D4 /* emtpy.png in Resources */ = {isa = PBXBuildFile; fileRef = 2AE6FD6D12F42FA600BE60D4 /* emtpy.png */; };
		2AE8078D12EC3F1100799A68 /* FileItem.m in Sources */ = {isa = PBXBuildFile; fileRef = 2AE8078C12EC3F1100799A68 /* FileItem.m */; };
		8D11072B0486CEB800E47090 /* InfoPlist.strings in Resources */ = {isa = PBXBuildFile; fileRef = 089C165CFE840E0CC02AAC07 /* InfoPlist.strings */; };
		8D11072D0486CEB800E47090 /* main.m in Sources */ = {isa = PBXBuildFile; fileRef = 29B97316FDCFA39411CA2CEA /* main.m */; settings = {ATTRIBUTES = (); }; };
		8D11072F0486CEB800E47090 /* Cocoa.framework in Frameworks */ = {isa = PBXBuildFile; fileRef = 1058C7A1FEA54F0111CA2CBB /* Cocoa.framework */; };
/* End PBXBuildFile section */

/* Begin PBXCopyFilesBuildPhase section */
		2A07621712E5E95A00B3CDCB /* CopyFiles */ = {
			isa = PBXCopyFilesBuildPhase;
			buildActionMask = 2147483647;
			dstPath = "";
			dstSubfolderSpec = 10;
			files = (
			);
			runOnlyForDeploymentPostprocessing = 0;
		};
/* End PBXCopyFilesBuildPhase section */

/* Begin PBXFileReference section */
		089C165DFE840E0CC02AAC07 /* English */ = {isa = PBXFileReference; fileEncoding = 4; lastKnownFileType = text.plist.strings; name = English; path = English.lproj/InfoPlist.strings; sourceTree = "<group>"; };
		1058C7A1FEA54F0111CA2CBB /* Cocoa.framework */ = {isa = PBXFileReference; lastKnownFileType = wrapper.framework; name = Cocoa.framework; path = /System/Library/Frameworks/Cocoa.framework; sourceTree = "<absolute>"; };
		13E42FB307B3F0F600E4EEF1 /* CoreData.framework */ = {isa = PBXFileReference; lastKnownFileType = wrapper.framework; name = CoreData.framework; path = /System/Library/Frameworks/CoreData.framework; sourceTree = "<absolute>"; };
		1DDD58150DA1D0A300B32029 /* English */ = {isa = PBXFileReference; lastKnownFileType = file.xib; name = English; path = English.lproj/MainMenu.xib; sourceTree = "<group>"; };
		256AC3D80F4B6AC300CF3369 /* AppDelegate.h */ = {isa = PBXFileReference; fileEncoding = 4; lastKnownFileType = sourcecode.c.h; path = AppDelegate.h; sourceTree = "<group>"; };
		256AC3D90F4B6AC300CF3369 /* AppDelegate.m */ = {isa = PBXFileReference; fileEncoding = 4; lastKnownFileType = sourcecode.c.objc; path = AppDelegate.m; sourceTree = "<group>"; };
		256AC3F00F4B6AF500CF3369 /* TextEncodingConverter_Prefix.pch */ = {isa = PBXFileReference; fileEncoding = 4; lastKnownFileType = sourcecode.c.h; path = TextEncodingConverter_Prefix.pch; sourceTree = "<group>"; };
		29B97316FDCFA39411CA2CEA /* main.m */ = {isa = PBXFileReference; fileEncoding = 4; lastKnownFileType = sourcecode.c.objc; path = main.m; sourceTree = "<group>"; usesTabs = 1; };
		29B97324FDCFA39411CA2CEA /* AppKit.framework */ = {isa = PBXFileReference; lastKnownFileType = wrapper.framework; name = AppKit.framework; path = /System/Library/Frameworks/AppKit.framework; sourceTree = "<absolute>"; };
		29B97325FDCFA39411CA2CEA /* Foundation.framework */ = {isa = PBXFileReference; lastKnownFileType = wrapper.framework; name = Foundation.framework; path = /System/Library/Frameworks/Foundation.framework; sourceTree = "<absolute>"; };
		2A07631212E5F8B800B3CDCB /* MainWindowController.h */ = {isa = PBXFileReference; fileEncoding = 4; lastKnownFileType = sourcecode.c.h; path = MainWindowController.h; sourceTree = "<group>"; };
		2A07631312E5F8B800B3CDCB /* MainWindowController.m */ = {isa = PBXFileReference; fileEncoding = 4; lastKnownFileType = sourcecode.c.objc; path = MainWindowController.m; sourceTree = "<group>"; };
		2A161A5212EB28010004A2BC /* FilesArrayController.h */ = {isa = PBXFileReference; fileEncoding = 4; lastKnownFileType = sourcecode.c.h; path = FilesArrayController.h; sourceTree = "<group>"; };
		2A161A5312EB28010004A2BC /* FilesArrayController.m */ = {isa = PBXFileReference; fileEncoding = 4; lastKnownFileType = sourcecode.c.objc; path = FilesArrayController.m; sourceTree = "<group>"; };
		2A2E528C12F548FD00479C44 /* English */ = {isa = PBXFileReference; lastKnownFileType = text.plist.strings; name = English; path = English.lproj/Localizable.strings; sourceTree = "<group>"; };
		2A2E528E12F5490400479C44 /* zh-Hans-CN */ = {isa = PBXFileReference; lastKnownFileType = text.plist.strings; name = "zh-Hans-CN"; path = "/Users/Kai/Desktop/TextEncodingConverter/zh-Hans-CN.lproj/Localizable.strings"; sourceTree = "<absolute>"; };
		2A2E528F12F5490400479C44 /* zh-Hant-TW */ = {isa = PBXFileReference; lastKnownFileType = text.plist.strings; name = "zh-Hant-TW"; path = "/Users/Kai/Desktop/TextEncodingConverter/zh-Hant-TW.lproj/Localizable.strings"; sourceTree = "<absolute>"; };
		2A2E529012F5490500479C44 /* zh-Hant-HK */ = {isa = PBXFileReference; lastKnownFileType = text.plist.strings; name = "zh-Hant-HK"; path = "/Users/Kai/Desktop/TextEncodingConverter/zh-Hant-HK.lproj/Localizable.strings"; sourceTree = "<absolute>"; };
		2A3F2E6212F3462700DDF7FA /* failed.png */ = {isa = PBXFileReference; lastKnownFileType = image.png; path = failed.png; sourceTree = "<group>"; };
		2A3F2E6312F3462700DDF7FA /* succeeded.png */ = {isa = PBXFileReference; lastKnownFileType = image.png; path = succeeded.png; sourceTree = "<group>"; };
		2A3F2E6412F3462700DDF7FA /* converting.png */ = {isa = PBXFileReference; lastKnownFileType = image.png; path = converting.png; sourceTree = "<group>"; };
		2A3F2E6512F3462700DDF7FA /* waiting.png */ = {isa = PBXFileReference; lastKnownFileType = image.png; path = waiting.png; sourceTree = "<group>"; };
		2A3F2E7012F3C6CF00DDF7FA /* NLTableView.h */ = {isa = PBXFileReference; fileEncoding = 4; lastKnownFileType = sourcecode.c.h; path = NLTableView.h; sourceTree = "<group>"; };
		2A3F2E7112F3C6CF00DDF7FA /* NLTableView.m */ = {isa = PBXFileReference; fileEncoding = 4; lastKnownFileType = sourcecode.c.objc; path = NLTableView.m; sourceTree = "<group>"; };
		2A3F2E9512F4204000DDF7FA /* convert.png */ = {isa = PBXFileReference; lastKnownFileType = image.png; path = convert.png; sourceTree = "<group>"; };
		2A3F2E9712F4204000DDF7FA /* remove.png */ = {isa = PBXFileReference; lastKnownFileType = image.png; path = remove.png; sourceTree = "<group>"; };
		2A3F2E9812F4204000DDF7FA /* add.png */ = {isa = PBXFileReference; lastKnownFileType = image.png; path = add.png; sourceTree = "<group>"; };
		2A69C7F112EC79EB00AE6E50 /* Encoding.h */ = {isa = PBXFileReference; fileEncoding = 4; lastKnownFileType = sourcecode.c.h; path = Encoding.h; sourceTree = "<group>"; };
		2A69C7F212EC79EB00AE6E50 /* Encoding.m */ = {isa = PBXFileReference; fileEncoding = 4; lastKnownFileType = sourcecode.c.objc; path = Encoding.m; sourceTree = "<group>"; };
		2A746BE912EDCC0F001C7096 /* TouchView.h */ = {isa = PBXFileReference; fileEncoding = 4; lastKnownFileType = sourcecode.c.h; path = TouchView.h; sourceTree = "<group>"; };
		2A746BEA12EDCC0F001C7096 /* TouchView.m */ = {isa = PBXFileReference; fileEncoding = 4; lastKnownFileType = sourcecode.c.objc; path = TouchView.m; sourceTree = "<group>"; };
		2A8444BE12F439C100C6B1CA /* complete.aif */ = {isa = PBXFileReference; lastKnownFileType = file; path = complete.aif; sourceTree = "<group>"; };
		2A8444C312F452B700C6B1CA /* NSStringEncodingSniffer.h */ = {isa = PBXFileReference; fileEncoding = 4; lastKnownFileType = sourcecode.c.h; path = NSStringEncodingSniffer.h; sourceTree = "<group>"; };
		2A8444C412F452B700C6B1CA /* NSStringEncodingSniffer.m */ = {isa = PBXFileReference; fileEncoding = 4; lastKnownFileType = sourcecode.c.objc; path = NSStringEncodingSniffer.m; sourceTree = "<group>"; };
		2A8444C612F452E800C6B1CA /* CoreServices.framework */ = {isa = PBXFileReference; lastKnownFileType = wrapper.framework; name = CoreServices.framework; path = System/Library/Frameworks/CoreServices.framework; sourceTree = SDKROOT; };
		2A85F00912F50AA1006F1593 /* EncodingsArrayController.h */ = {isa = PBXFileReference; fileEncoding = 4; lastKnownFileType = sourcecode.c.h; path = EncodingsArrayController.h; sourceTree = "<group>"; };
		2A85F00A12F50AA1006F1593 /* EncodingsArrayController.m */ = {isa = PBXFileReference; fileEncoding = 4; lastKnownFileType = sourcecode.c.objc; path = EncodingsArrayController.m; sourceTree = "<group>"; };
		2A85F01112F524A3006F1593 /* preview.png */ = {isa = PBXFileReference; lastKnownFileType = image.png; path = preview.png; sourceTree = "<group>"; };
		2A85F01912F53C00006F1593 /* zh-Hans-CN */ = {isa = PBXFileReference; lastKnownFileType = file.xib; name = "zh-Hans-CN"; path = "/Users/Kai/Desktop/TextEncodingConverter/zh-Hans-CN.lproj/MainWindow.xib"; sourceTree = "<absolute>"; };
		2A85F01A12F53C00006F1593 /* zh-Hans-CN */ = {isa = PBXFileReference; lastKnownFileType = file.xib; name = "zh-Hans-CN"; path = "/Users/Kai/Desktop/TextEncodingConverter/zh-Hans-CN.lproj/MainMenu.xib"; sourceTree = "<absolute>"; };
		2A85F01B12F53C00006F1593 /* zh-Hans-CN */ = {isa = PBXFileReference; lastKnownFileType = text.plist.strings; name = "zh-Hans-CN"; path = "/Users/Kai/Desktop/TextEncodingConverter/zh-Hans-CN.lproj/InfoPlist.strings"; sourceTree = "<absolute>"; };
		2A85F01C12F53C0A006F1593 /* zh-Hant-TW */ = {isa = PBXFileReference; lastKnownFileType = file.xib; name = "zh-Hant-TW"; path = "/Users/Kai/Desktop/TextEncodingConverter/zh-Hant-TW.lproj/MainWindow.xib"; sourceTree = "<absolute>"; };
		2A85F01D12F53C0A006F1593 /* zh-Hant-TW */ = {isa = PBXFileReference; lastKnownFileType = file.xib; name = "zh-Hant-TW"; path = "/Users/Kai/Desktop/TextEncodingConverter/zh-Hant-TW.lproj/MainMenu.xib"; sourceTree = "<absolute>"; };
		2A85F01E12F53C0A006F1593 /* zh-Hant-TW */ = {isa = PBXFileReference; lastKnownFileType = text.plist.strings; name = "zh-Hant-TW"; path = "/Users/Kai/Desktop/TextEncodingConverter/zh-Hant-TW.lproj/InfoPlist.strings"; sourceTree = "<absolute>"; };
		2A85F01F12F53C24006F1593 /* zh-Hant-HK */ = {isa = PBXFileReference; lastKnownFileType = file.xib; name = "zh-Hant-HK"; path = "/Users/Kai/Desktop/TextEncodingConverter/zh-Hant-HK.lproj/MainWindow.xib"; sourceTree = "<absolute>"; };
		2A85F02012F53C24006F1593 /* zh-Hant-HK */ = {isa = PBXFileReference; lastKnownFileType = file.xib; name = "zh-Hant-HK"; path = "/Users/Kai/Desktop/TextEncodingConverter/zh-Hant-HK.lproj/MainMenu.xib"; sourceTree = "<absolute>"; };
		2A85F02112F53C24006F1593 /* zh-Hant-HK */ = {isa = PBXFileReference; lastKnownFileType = text.plist.strings; name = "zh-Hant-HK"; path = "/Users/Kai/Desktop/TextEncodingConverter/zh-Hant-HK.lproj/InfoPlist.strings"; sourceTree = "<absolute>"; };
		2AC56FE012E7336300ABF177 /* English */ = {isa = PBXFileReference; lastKnownFileType = file.xib; name = English; path = English.lproj/MainWindow.xib; sourceTree = "<group>"; };
		2AE6FD6812F42C7500BE60D4 /* clear_converted.png */ = {isa = PBXFileReference; lastKnownFileType = image.png; path = clear_converted.png; sourceTree = "<group>"; };
		2AE6FD6D12F42FA600BE60D4 /* emtpy.png */ = {isa = PBXFileReference; lastKnownFileType = image.png; path = emtpy.png; sourceTree = "<group>"; };
		2AE8078B12EC3F1100799A68 /* FileItem.h */ = {isa = PBXFileReference; fileEncoding = 4; lastKnownFileType = sourcecode.c.h; path = FileItem.h; sourceTree = "<group>"; };
		2AE8078C12EC3F1100799A68 /* FileItem.m */ = {isa = PBXFileReference; fileEncoding = 4; lastKnownFileType = sourcecode.c.objc; path = FileItem.m; sourceTree = "<group>"; };
		8D1107310486CEB800E47090 /* TextEncodingConverter-Info.plist */ = {isa = PBXFileReference; fileEncoding = 4; lastKnownFileType = text.plist.xml; path = "TextEncodingConverter-Info.plist"; sourceTree = "<group>"; };
		8D1107320486CEB800E47090 /* TextEncodingConverter.app */ = {isa = PBXFileReference; explicitFileType = wrapper.application; includeInIndex = 0; path = TextEncodingConverter.app; sourceTree = BUILT_PRODUCTS_DIR; };
/* End PBXFileReference section */

/* Begin PBXFrameworksBuildPhase section */
		8D11072E0486CEB800E47090 /* Frameworks */ = {
			isa = PBXFrameworksBuildPhase;
			buildActionMask = 2147483647;
			files = (
				2A8444C712F452E800C6B1CA /* CoreServices.framework in Frameworks */,
				8D11072F0486CEB800E47090 /* Cocoa.framework in Frameworks */,
			);
			runOnlyForDeploymentPostprocessing = 0;
		};
/* End PBXFrameworksBuildPhase section */

/* Begin PBXGroup section */
		080E96DDFE201D6D7F000001 /* Classes */ = {
			isa = PBXGroup;
			children = (
				256AC3D80F4B6AC300CF3369 /* AppDelegate.h */,
				256AC3D90F4B6AC300CF3369 /* AppDelegate.m */,
				2AC56EAE12E7265000ABF177 /* Model */,
				2AC56EAD12E7264500ABF177 /* View */,
				2A07631112E5F89200B3CDCB /* Controllers */,
				2AC56EBA12E7266B00ABF177 /* Support */,
			);
			name = Classes;
			sourceTree = "<group>";
		};
		1058C7A0FEA54F0111CA2CBB /* Linked Frameworks */ = {
			isa = PBXGroup;
			children = (
				2A8444C612F452E800C6B1CA /* CoreServices.framework */,
				1058C7A1FEA54F0111CA2CBB /* Cocoa.framework */,
			);
			name = "Linked Frameworks";
			sourceTree = "<group>";
		};
		1058C7A2FEA54F0111CA2CBB /* Other Frameworks */ = {
			isa = PBXGroup;
			children = (
				29B97324FDCFA39411CA2CEA /* AppKit.framework */,
				13E42FB307B3F0F600E4EEF1 /* CoreData.framework */,
				29B97325FDCFA39411CA2CEA /* Foundation.framework */,
			);
			name = "Other Frameworks";
			sourceTree = "<group>";
		};
		19C28FACFE9D520D11CA2CBB /* Products */ = {
			isa = PBXGroup;
			children = (
				8D1107320486CEB800E47090 /* TextEncodingConverter.app */,
			);
			name = Products;
			sourceTree = "<group>";
		};
		29B97314FDCFA39411CA2CEA /* TextEncodingConverter */ = {
			isa = PBXGroup;
			children = (
				080E96DDFE201D6D7F000001 /* Classes */,
				29B97315FDCFA39411CA2CEA /* Other Sources */,
				29B97317FDCFA39411CA2CEA /* Resources */,
				29B97323FDCFA39411CA2CEA /* Frameworks */,
				19C28FACFE9D520D11CA2CBB /* Products */,
			);
			name = TextEncodingConverter;
			sourceTree = "<group>";
		};
		29B97315FDCFA39411CA2CEA /* Other Sources */ = {
			isa = PBXGroup;
			children = (
				256AC3F00F4B6AF500CF3369 /* TextEncodingConverter_Prefix.pch */,
				29B97316FDCFA39411CA2CEA /* main.m */,
			);
			name = "Other Sources";
			sourceTree = "<group>";
		};
		29B97317FDCFA39411CA2CEA /* Resources */ = {
			isa = PBXGroup;
			children = (
				2AC5706012E73E9C00ABF177 /* Icons */,
				8D1107310486CEB800E47090 /* TextEncodingConverter-Info.plist */,
				089C165CFE840E0CC02AAC07 /* InfoPlist.strings */,
				1DDD58140DA1D0A300B32029 /* MainMenu.xib */,
				2AC5705512E73C7B00ABF177 /* MainWindow.xib */,
				2A2E528D12F548FD00479C44 /* Localizable.strings */,
			);
			name = Resources;
			sourceTree = "<group>";
		};
		29B97323FDCFA39411CA2CEA /* Frameworks */ = {
			isa = PBXGroup;
			children = (
				1058C7A0FEA54F0111CA2CBB /* Linked Frameworks */,
				1058C7A2FEA54F0111CA2CBB /* Other Frameworks */,
			);
			name = Frameworks;
			sourceTree = "<group>";
		};
		2A07631112E5F89200B3CDCB /* Controllers */ = {
			isa = PBXGroup;
			children = (
				2A07631212E5F8B800B3CDCB /* MainWindowController.h */,
				2A07631312E5F8B800B3CDCB /* MainWindowController.m */,
				2A161A5212EB28010004A2BC /* FilesArrayController.h */,
				2A161A5312EB28010004A2BC /* FilesArrayController.m */,
				2A85F00912F50AA1006F1593 /* EncodingsArrayController.h */,
				2A85F00A12F50AA1006F1593 /* EncodingsArrayController.m */,
			);
			name = Controllers;
			sourceTree = "<group>";
		};
		2A161A6112EB5AFF0004A2BC /* Categories */ = {
			isa = PBXGroup;
			children = (
			);
			name = Categories;
			sourceTree = "<group>";
		};
		2AC56EAD12E7264500ABF177 /* View */ = {
			isa = PBXGroup;
			children = (
				2A746BE912EDCC0F001C7096 /* TouchView.h */,
				2A746BEA12EDCC0F001C7096 /* TouchView.m */,
				2A3F2E7012F3C6CF00DDF7FA /* NLTableView.h */,
				2A3F2E7112F3C6CF00DDF7FA /* NLTableView.m */,
			);
			name = View;
			sourceTree = "<group>";
		};
		2AC56EAE12E7265000ABF177 /* Model */ = {
			isa = PBXGroup;
			children = (
				2AE8078B12EC3F1100799A68 /* FileItem.h */,
				2AE8078C12EC3F1100799A68 /* FileItem.m */,
				2A69C7F112EC79EB00AE6E50 /* Encoding.h */,
				2A69C7F212EC79EB00AE6E50 /* Encoding.m */,
			);
			name = Model;
			sourceTree = "<group>";
		};
		2AC56EBA12E7266B00ABF177 /* Support */ = {
			isa = PBXGroup;
			children = (
				2A161A6112EB5AFF0004A2BC /* Categories */,
				2A8444C312F452B700C6B1CA /* NSStringEncodingSniffer.h */,
				2A8444C412F452B700C6B1CA /* NSStringEncodingSniffer.m */,
			);
			name = Support;
			sourceTree = "<group>";
		};
		2AC5706012E73E9C00ABF177 /* Icons */ = {
			isa = PBXGroup;
			children = (
				2A8444BE12F439C100C6B1CA /* complete.aif */,
				2A3F2E6212F3462700DDF7FA /* failed.png */,
				2A3F2E6312F3462700DDF7FA /* succeeded.png */,
				2A3F2E6412F3462700DDF7FA /* converting.png */,
				2A3F2E6512F3462700DDF7FA /* waiting.png */,
				2A3F2E9512F4204000DDF7FA /* convert.png */,
				2A3F2E9712F4204000DDF7FA /* remove.png */,
				2A3F2E9812F4204000DDF7FA /* add.png */,
				2AE6FD6812F42C7500BE60D4 /* clear_converted.png */,
				2AE6FD6D12F42FA600BE60D4 /* emtpy.png */,
				2A85F01112F524A3006F1593 /* preview.png */,
			);
			name = Icons;
			sourceTree = "<group>";
		};
/* End PBXGroup section */

/* Begin PBXNativeTarget section */
		8D1107260486CEB800E47090 /* TextEncodingConverter */ = {
			isa = PBXNativeTarget;
			buildConfigurationList = C01FCF4A08A954540054247B /* Build configuration list for PBXNativeTarget "TextEncodingConverter" */;
			buildPhases = (
				8D1107290486CEB800E47090 /* Resources */,
				8D11072C0486CEB800E47090 /* Sources */,
				8D11072E0486CEB800E47090 /* Frameworks */,
				2A07621712E5E95A00B3CDCB /* CopyFiles */,
			);
			buildRules = (
			);
			dependencies = (
			);
			name = TextEncodingConverter;
			productInstallPath = "$(HOME)/Applications";
			productName = TextEncodingConverter;
			productReference = 8D1107320486CEB800E47090 /* TextEncodingConverter.app */;
			productType = "com.apple.product-type.application";
		};
/* End PBXNativeTarget section */

/* Begin PBXProject section */
		29B97313FDCFA39411CA2CEA /* Project object */ = {
			isa = PBXProject;
			attributes = {
				ORGANIZATIONNAME = "NONAME STUDIO";
			};
			buildConfigurationList = C01FCF4E08A954540054247B /* Build configuration list for PBXProject "TextEncodingConverter" */;
			compatibilityVersion = "Xcode 3.1";
			developmentRegion = English;
			hasScannedForEncodings = 1;
			knownRegions = (
				English,
				Japanese,
				French,
				German,
				"zh-Hans-CN",
				"zh-Hant-TW",
				"zh-Hant-HK",
			);
			mainGroup = 29B97314FDCFA39411CA2CEA /* TextEncodingConverter */;
			projectDirPath = "";
			projectRoot = "";
			targets = (
				8D1107260486CEB800E47090 /* TextEncodingConverter */,
			);
		};
/* End PBXProject section */

/* Begin PBXResourcesBuildPhase section */
		8D1107290486CEB800E47090 /* Resources */ = {
			isa = PBXResourcesBuildPhase;
			buildActionMask = 2147483647;
			files = (
				8D11072B0486CEB800E47090 /* InfoPlist.strings in Resources */,
				1DDD58160DA1D0A300B32029 /* MainMenu.xib in Resources */,
				2AC5705612E73C7B00ABF177 /* MainWindow.xib in Resources */,
				2A3F2E6612F3462700DDF7FA /* failed.png in Resources */,
				2A3F2E6712F3462700DDF7FA /* succeeded.png in Resources */,
				2A3F2E6812F3462700DDF7FA /* converting.png in Resources */,
				2A3F2E6912F3462700DDF7FA /* waiting.png in Resources */,
				2A3F2E9912F4204000DDF7FA /* convert.png in Resources */,
				2A3F2E9B12F4204000DDF7FA /* remove.png in Resources */,
				2A3F2E9C12F4204000DDF7FA /* add.png in Resources */,
				2AE6FD6912F42C7500BE60D4 /* clear_converted.png in Resources */,
				2AE6FD6E12F42FA600BE60D4 /* emtpy.png in Resources */,
				2A8444BF12F439C100C6B1CA /* complete.aif in Resources */,
				2A85F01212F524A3006F1593 /* preview.png in Resources */,
				2A2E528B12F548FD00479C44 /* Localizable.strings in Resources */,
			);
			runOnlyForDeploymentPostprocessing = 0;
		};
/* End PBXResourcesBuildPhase section */

/* Begin PBXSourcesBuildPhase section */
		8D11072C0486CEB800E47090 /* Sources */ = {
			isa = PBXSourcesBuildPhase;
			buildActionMask = 2147483647;
			files = (
				8D11072D0486CEB800E47090 /* main.m in Sources */,
				256AC3DA0F4B6AC300CF3369 /* AppDelegate.m in Sources */,
				2A07631412E5F8B800B3CDCB /* MainWindowController.m in Sources */,
				2A161A5412EB28010004A2BC /* FilesArrayController.m in Sources */,
				2AE8078D12EC3F1100799A68 /* FileItem.m in Sources */,
				2A69C7F312EC79EB00AE6E50 /* Encoding.m in Sources */,
				2A746BEB12EDCC0F001C7096 /* TouchView.m in Sources */,
				2A3F2E7212F3C6CF00DDF7FA /* NLTableView.m in Sources */,
				2A8444C512F452B700C6B1CA /* NSStringEncodingSniffer.m in Sources */,
				2A85F00B12F50AA1006F1593 /* EncodingsArrayController.m in Sources */,
			);
			runOnlyForDeploymentPostprocessing = 0;
		};
/* End PBXSourcesBuildPhase section */

/* Begin PBXVariantGroup section */
		089C165CFE840E0CC02AAC07 /* InfoPlist.strings */ = {
			isa = PBXVariantGroup;
			children = (
				089C165DFE840E0CC02AAC07 /* English */,
				2A85F01B12F53C00006F1593 /* zh-Hans-CN */,
				2A85F01E12F53C0A006F1593 /* zh-Hant-TW */,
				2A85F02112F53C24006F1593 /* zh-Hant-HK */,
			);
			name = InfoPlist.strings;
			sourceTree = "<group>";
		};
		1DDD58140DA1D0A300B32029 /* MainMenu.xib */ = {
			isa = PBXVariantGroup;
			children = (
				1DDD58150DA1D0A300B32029 /* English */,
				2A85F01A12F53C00006F1593 /* zh-Hans-CN */,
				2A85F01D12F53C0A006F1593 /* zh-Hant-TW */,
				2A85F02012F53C24006F1593 /* zh-Hant-HK */,
			);
			name = MainMenu.xib;
			sourceTree = "<group>";
		};
		2A2E528D12F548FD00479C44 /* Localizable.strings */ = {
			isa = PBXVariantGroup;
			children = (
				2A2E528C12F548FD00479C44 /* English */,
				2A2E528E12F5490400479C44 /* zh-Hans-CN */,
				2A2E528F12F5490400479C44 /* zh-Hant-TW */,
				2A2E529012F5490500479C44 /* zh-Hant-HK */,
			);
			name = Localizable.strings;
			sourceTree = "<group>";
		};
		2AC5705512E73C7B00ABF177 /* MainWindow.xib */ = {
			isa = PBXVariantGroup;
			children = (
				2AC56FE012E7336300ABF177 /* English */,
				2A85F01912F53C00006F1593 /* zh-Hans-CN */,
				2A85F01C12F53C0A006F1593 /* zh-Hant-TW */,
				2A85F01F12F53C24006F1593 /* zh-Hant-HK */,
			);
			name = MainWindow.xib;
			sourceTree = "<group>";
		};
/* End PBXVariantGroup section */

/* Begin XCBuildConfiguration section */
		C01FCF4B08A954540054247B /* Debug */ = {
			isa = XCBuildConfiguration;
			buildSettings = {
				ALWAYS_SEARCH_USER_PATHS = NO;
				COPY_PHASE_STRIP = NO;
				FRAMEWORK_SEARCH_PATHS = (
					"$(inherited)",
					"\"$(SRCROOT)/../../Documents/iFiles/Computer Science/Objective-C/Frameworks/BWToolkit\"",
				);
				GCC_DYNAMIC_NO_PIC = NO;
				GCC_ENABLE_FIX_AND_CONTINUE = YES;
				GCC_MODEL_TUNING = G5;
				GCC_OPTIMIZATION_LEVEL = 0;
				GCC_PRECOMPILE_PREFIX_HEADER = YES;
				GCC_PREFIX_HEADER = TextEncodingConverter_Prefix.pch;
				INFOPLIST_FILE = "TextEncodingConverter-Info.plist";
				INSTALL_PATH = "$(HOME)/Applications";
				MACOSX_DEPLOYMENT_TARGET = 10.6;
				PRODUCT_NAME = TextEncodingConverter;
			};
			name = Debug;
		};
		C01FCF4C08A954540054247B /* Release */ = {
			isa = XCBuildConfiguration;
			buildSettings = {
				ALWAYS_SEARCH_USER_PATHS = NO;
				DEBUG_INFORMATION_FORMAT = "dwarf-with-dsym";
				FRAMEWORK_SEARCH_PATHS = (
					"$(inherited)",
					"\"$(SRCROOT)/../../Documents/iFiles/Computer Science/Objective-C/Frameworks/BWToolkit\"",
				);
				GCC_MODEL_TUNING = G5;
				GCC_PRECOMPILE_PREFIX_HEADER = YES;
				GCC_PREFIX_HEADER = TextEncodingConverter_Prefix.pch;
				INFOPLIST_FILE = "TextEncodingConverter-Info.plist";
				INSTALL_PATH = "$(HOME)/Applications";
				MACOSX_DEPLOYMENT_TARGET = 10.6;
				PRODUCT_NAME = TextEncodingConverter;
			};
			name = Release;
		};
		C01FCF4F08A954540054247B /* Debug */ = {
			isa = XCBuildConfiguration;
			buildSettings = {
				ARCHS = "$(ARCHS_STANDARD_32_64_BIT)";
				GCC_C_LANGUAGE_STANDARD = gnu99;
				GCC_OPTIMIZATION_LEVEL = 0;
				GCC_WARN_ABOUT_RETURN_TYPE = YES;
				GCC_WARN_UNUSED_VARIABLE = YES;
				MACOSX_DEPLOYMENT_TARGET = 10.6;
				ONLY_ACTIVE_ARCH = YES;
				PREBINDING = NO;
				SDKROOT = macosx10.6;
			};
			name = Debug;
		};
		C01FCF5008A954540054247B /* Release */ = {
			isa = XCBuildConfiguration;
			buildSettings = {
				ARCHS = "$(ARCHS_STANDARD_32_64_BIT)";
				GCC_C_LANGUAGE_STANDARD = gnu99;
				GCC_WARN_ABOUT_RETURN_TYPE = YES;
				GCC_WARN_UNUSED_VARIABLE = YES;
				MACOSX_DEPLOYMENT_TARGET = 10.6;
				PREBINDING = NO;
				SDKROOT = macosx10.6;
			};
			name = Release;
		};
/* End XCBuildConfiguration section */

/* Begin XCConfigurationList section */
		C01FCF4A08A954540054247B /* Build configuration list for PBXNativeTarget "TextEncodingConverter" */ = {
			isa = XCConfigurationList;
			buildConfigurations = (
				C01FCF4B08A954540054247B /* Debug */,
				C01FCF4C08A954540054247B /* Release */,
			);
			defaultConfigurationIsVisible = 0;
			defaultConfigurationName = Release;
		};
		C01FCF4E08A954540054247B /* Build configuration list for PBXProject "TextEncodingConverter" */ = {
			isa = XCConfigurationList;
			buildConfigurations = (
				C01FCF4F08A954540054247B /* Debug */,
				C01FCF5008A954540054247B /* Release */,
			);
			defaultConfigurationIsVisible = 0;
			defaultConfigurationName = Release;
		};
/* End XCConfigurationList section */
	};
	rootObject = 29B97313FDCFA39411CA2CEA /* Project object */;
}
